
Microsoft Visual Studio Solution File, Format Version 12.00
# Visual Studio for Mac
Project("{FAE04EC0-301F-11D3-BF4B-00C04F79EFBC}") = "AstarPathfindingProject", "AstarPathfindingProject.csproj", "{72ED8A68-E761-4DEB-C312-4B647B6382EC}"
EndProject
Project("{FAE04EC0-301F-11D3-BF4B-00C04F79EFBC}") = "Assembly-CSharp", "Assembly-CSharp.csproj", "{9C02C265-64FB-2C78-5824-D47606068D51}"
EndProject
Project("{FAE04EC0-301F-11D3-BF4B-00C04F79EFBC}") = "AstarPathfindingProjectEditor", "AstarPathfindingProjectEditor.csproj", "{EB9E8158-A92E-EA81-CD0E-7917847E6B82}"
EndProject
Project("{FAE04EC0-301F-11D3-BF4B-00C04F79EFBC}") = "PackageToolsEditor", "PackageToolsEditor.csproj", "{4E9F01F0-2985-6496-AC74-D097A2ED74F8}"
EndProject
Project("{FAE04EC0-301F-11D3-BF4B-00C04F79EFBC}") = "Assembly-CSharp-Editor", "Assembly-CSharp-Editor.csproj", "{16CFECFE-93AD-027A-B0AE-DA9969C6E582}"
EndProject
Global
	GlobalSection(SolutionConfigurationPlatforms) = preSolution
		Debug|Any CPU = Debug|Any CPU
		Release|Any CPU = Release|Any CPU
	EndGlobalSection
	GlobalSection(ProjectConfigurationPlatforms) = postSolution
		{72ED8A68-E761-4DEB-C312-4B647B6382EC}.Debug|Any CPU.ActiveCfg = Debug|Any CPU
		{72ED8A68-E761-4DEB-C312-4B647B6382EC}.Debug|Any CPU.Build.0 = Debug|Any CPU
		{72ED8A68-E761-4DEB-C312-4B647B6382EC}.Release|Any CPU.ActiveCfg = Release|Any CPU
		{72ED8A68-E761-4DEB-C312-4B647B6382EC}.Release|Any CPU.Build.0 = Release|Any CPU
		{9C02C265-64FB-2C78-5824-D47606068D51}.Debug|Any CPU.ActiveCfg = Debug|Any CPU
		{9C02C265-64FB-2C78-5824-D47606068D51}.Debug|Any CPU.Build.0 = Debug|Any CPU
		{9C02C265-64FB-2C78-5824-D47606068D51}.Release|Any CPU.ActiveCfg = Release|Any CPU
		{9C02C265-64FB-2C78-5824-D47606068D51}.Release|Any CPU.Build.0 = Release|Any CPU
		{EB9E8158-A92E-EA81-CD0E-7917847E6B82}.Debug|Any CPU.ActiveCfg = Debug|Any CPU
		{EB9E8158-A92E-EA81-CD0E-7917847E6B82}.Debug|Any CPU.Build.0 = Debug|Any CPU
		{EB9E8158-A92E-EA81-CD0E-7917847E6B82}.Release|Any CPU.ActiveCfg = Release|Any CPU
		{EB9E8158-A92E-EA81-CD0E-7917847E6B82}.Release|Any CPU.Build.0 = Release|Any CPU
		{4E9F01F0-2985-6496-AC74-D097A2ED74F8}.Debug|Any CPU.ActiveCfg = Debug|Any CPU
		{4E9F01F0-2985-6496-AC74-D097A2ED74F8}.Debug|Any CPU.Build.0 = Debug|Any CPU
		{4E9F01F0-2985-6496-AC74-D097A2ED74F8}.Release|Any CPU.ActiveCfg = Release|Any CPU
		{4E9F01F0-2985-6496-AC74-D097A2ED74F8}.Release|Any CPU.Build.0 = Release|Any CPU
		{16CFECFE-93AD-027A-B0AE-DA9969C6E582}.Debug|Any CPU.ActiveCfg = Debug|Any CPU
		{16CFECFE-93AD-027A-B0AE-DA9969C6E582}.Debug|Any CPU.Build.0 = Debug|Any CPU
		{16CFECFE-93AD-027A-B0AE-DA9969C6E582}.Release|Any CPU.ActiveCfg = Release|Any CPU
		{16CFECFE-93AD-027A-B0AE-DA9969C6E582}.Release|Any CPU.Build.0 = Release|Any CPU
	EndGlobalSection
	GlobalSection(SolutionProperties) = preSolution
		HideSolutionNode = FALSE
	EndGlobalSection
EndGlobal
